
Microsoft Visual Studio Solution File, Format Version 12.00
# Visual Studio 15
VisualStudioVersion = 15.0.26730.15
MinimumVisualStudioVersion = 10.0.40219.1
Project("{FAE04EC0-301F-11D3-BF4B-00C04F79EFBC}") = "webAPITutotial", "webAPITutotial\webAPITutotial.csproj", "{A58B083E-C04E-4091-9104-013A14327858}"
EndProject
Global
	GlobalSection(SolutionConfigurationPlatforms) = preSolution
		Debug|Any CPU = Debug|Any CPU
		Release|Any CPU = Release|Any CPU
	EndGlobalSection
	GlobalSection(ProjectConfigurationPlatforms) = postSolution
		{A58B083E-C04E-4091-9104-013A14327858}.Debug|Any CPU.ActiveCfg = Debug|Any CPU
		{A58B083E-C04E-4091-9104-013A14327858}.Debug|Any CPU.Build.0 = Debug|Any CPU
		{A58B083E-C04E-4091-9104-013A14327858}.Release|Any CPU.ActiveCfg = Release|Any CPU
		{A58B083E-C04E-4091-9104-013A14327858}.Release|Any CPU.Build.0 = Release|Any CPU
	EndGlobalSection
	GlobalSection(SolutionProperties) = preSolution
		HideSolutionNode = FALSE
	EndGlobalSection
	GlobalSection(ExtensibilityGlobals) = postSolution
		SolutionGuid = {21F12D1F-35B5-42B1-BB9C-EE7C9BFD1683}
	EndGlobalSection
EndGlobal
